
Microsoft Visual Studio Solution File, Format Version 12.00
# Visual Studio Version 17
VisualStudioVersion = 17.0.31903.59
MinimumVisualStudioVersion = 10.0.40219.1
Project("{9A19103F-16F7-4668-BE54-9A1E7A4F7556}") = "PowerUtils.AspNetCore.WebAPI", "src\PowerUtils.AspNetCore.WebAPI.csproj", "{AE4CD1C2-B8D0-410E-855F-F33DBEDC1575}"
EndProject
Project("{2150E333-8FDC-42A3-9474-1A3956D46DE8}") = "1.project", "1.project", "{221464BA-8DB1-4D0C-B5E9-FE127839DD74}"
	ProjectSection(SolutionItems) = preProject
		.editorconfig = .editorconfig
		.gitignore = .gitignore
		CHANGELOG.md = CHANGELOG.md
		global.json = global.json
		LICENSE = LICENSE
		README.md = README.md
	EndProjectSection
EndProject
Project("{2150E333-8FDC-42A3-9474-1A3956D46DE8}") = "2.cicd", "2.cicd", "{C2E84AD6-F1A1-4377-B64A-2CDB4E9CE488}"
	ProjectSection(SolutionItems) = preProject
		.github\dependabot.yml = .github\dependabot.yml
		.github\workflows\publish-nuget.yml = .github\workflows\publish-nuget.yml
		.github\workflows\test-project.yml = .github\workflows\test-project.yml
	EndProjectSection
EndProject
Project("{2150E333-8FDC-42A3-9474-1A3956D46DE8}") = "3.src", "3.src", "{A8E12D4E-110B-4DE9-AD9C-63E092084D40}"
EndProject
Global
	GlobalSection(SolutionConfigurationPlatforms) = preSolution
		Debug|Any CPU = Debug|Any CPU
		Release|Any CPU = Release|Any CPU
	EndGlobalSection
	GlobalSection(ProjectConfigurationPlatforms) = postSolution
		{AE4CD1C2-B8D0-410E-855F-F33DBEDC1575}.Debug|Any CPU.ActiveCfg = Debug|Any CPU
		{AE4CD1C2-B8D0-410E-855F-F33DBEDC1575}.Debug|Any CPU.Build.0 = Debug|Any CPU
		{AE4CD1C2-B8D0-410E-855F-F33DBEDC1575}.Release|Any CPU.ActiveCfg = Release|Any CPU
		{AE4CD1C2-B8D0-410E-855F-F33DBEDC1575}.Release|Any CPU.Build.0 = Release|Any CPU
	EndGlobalSection
	GlobalSection(SolutionProperties) = preSolution
		HideSolutionNode = FALSE
	EndGlobalSection
	GlobalSection(NestedProjects) = preSolution
		{AE4CD1C2-B8D0-410E-855F-F33DBEDC1575} = {A8E12D4E-110B-4DE9-AD9C-63E092084D40}
	EndGlobalSection
	GlobalSection(ExtensibilityGlobals) = postSolution
		SolutionGuid = {17F10A68-468E-4E17-913C-00961F182077}
	EndGlobalSection
EndGlobal
